{
  "object": {
    "pins": [
      {
        "package": "Alamofire",
        "repositoryURL": "https://github.com/Alamofire/Alamofire.git",
        "state": {
          "branch": null,
          "revision": "8dd85aee02e39dd280c75eef88ffdb86eed4b07b",
          "version": "5.6.2"
        }
      },
      {
        "package": "Socket",
        "repositoryURL": "https://github.com/Kitura/BlueSocket.git",
        "state": {
          "branch": null,
          "revision": "270f7bd2ea9d81878022d604f4f3577ce6c1703d",
          "version": "2.0.3"
        }
      },
      {
        "package": "Kingfisher",
        "repositoryURL": "https://github.com/onevcat/Kingfisher",
        "state": {
          "branch": "master",
          "revision": "5ffd3e5db7a18873a9bbaa3cea25a7ba52d7bd8a",
          "version": null
        }
      },
      {
        "package": "SQLiteKit",
        "repositoryURL": "https://github.com/apparata/SQLiteKit.git",
        "state": {
          "branch": null,
          "revision": "c5a4689053e98af660cecc79a71f06ccbbf4c4cc",
          "version": "0.4.5"
        }
      },
      {
        "package": "SwiftEntryKit",
        "repositoryURL": "https://github.com/huri000/SwiftEntryKit.git",
        "state": {
          "branch": null,
          "revision": "5ad36cccf0c4b9fea32f4e9b17a8e38f07563ef0",
          "version": "2.0.0"
        }
      },
      {
        "package": "Introspect",
        "repositoryURL": "https://github.com/siteline/SwiftUI-Introspect.git",
        "state": {
          "branch": null,
          "revision": "f2616860a41f9d9932da412a8978fec79c06fe24",
          "version": "0.1.4"
        }
      },
      {
        "package": "SWXMLHash",
        "repositoryURL": "https://github.com/drmohundro/SWXMLHash.git",
        "state": {
          "branch": "main",
          "revision": "eacfa68203c7595f7988e36a037a0decfc74dc33",
          "version": null
        }
      }
    ]
  },
  "version": 1
}
