// !$*UTF8*$!
{
	archiveVersion = 1;
	classes = {
	};
	objectVersion = 55;
	objects = {

/* Begin PBXBuildFile section */
		171B23E328ECB9CC0050DAB9 /* PackageViewItem.swift in Sources */ = {isa = PBXBuildFile; fileRef = 171B23E228ECB9CC0050DAB9 /* PackageViewItem.swift */; };
		171B23E528ECBA1A0050DAB9 /* RepoListItem.swift in Sources */ = {isa = PBXBuildFile; fileRef = 171B23E428ECBA1A0050DAB9 /* RepoListItem.swift */; };
		171B23E728ECBFBB0050DAB9 /* Webman+Enums.swift in Sources */ = {isa = PBXBuildFile; fileRef = 171B23E628ECBFBB0050DAB9 /* Webman+Enums.swift */; };
		171B23E928ECC0980050DAB9 /* Webman+Structs.swift in Sources */ = {isa = PBXBuildFile; fileRef = 171B23E828ECC0980050DAB9 /* Webman+Structs.swift */; };
		171B23EB28ECC5930050DAB9 /* Article.swift in Sources */ = {isa = PBXBuildFile; fileRef = 171B23EA28ECC5930050DAB9 /* Article.swift */; };
		171B23ED28ECC6440050DAB9 /* IntroView.swift in Sources */ = {isa = PBXBuildFile; fileRef = 171B23EC28ECC6440050DAB9 /* IntroView.swift */; };
		171B23F128EE60DE0050DAB9 /* ViewExtensions.swift in Sources */ = {isa = PBXBuildFile; fileRef = 171B23F028EE60DD0050DAB9 /* ViewExtensions.swift */; };
		173CBA8A28E649F100983E18 /* TabBarItem.swift in Sources */ = {isa = PBXBuildFile; fileRef = 173CBA8928E649F100983E18 /* TabBarItem.swift */; };
		173CBA8D28E6579E00983E18 /* AppBarNavView.swift in Sources */ = {isa = PBXBuildFile; fileRef = 173CBA8C28E6579D00983E18 /* AppBarNavView.swift */; };
		173CBA8F28E6593100983E18 /* CustomNavBarView.swift in Sources */ = {isa = PBXBuildFile; fileRef = 173CBA8E28E6593100983E18 /* CustomNavBarView.swift */; };
		173CBA9128E65C4100983E18 /* CustomNavBarContainerView.swift in Sources */ = {isa = PBXBuildFile; fileRef = 173CBA9028E65C4100983E18 /* CustomNavBarContainerView.swift */; };
		173CBA9328E65DC300983E18 /* CustomNavView.swift in Sources */ = {isa = PBXBuildFile; fileRef = 173CBA9228E65DC300983E18 /* CustomNavView.swift */; };
		173CBA9528E65F0F00983E18 /* CustomNavLink.swift in Sources */ = {isa = PBXBuildFile; fileRef = 173CBA9428E65F0F00983E18 /* CustomNavLink.swift */; };
		173CBA9728E6623F00983E18 /* CustomNavBarPreferenceKey.swift in Sources */ = {isa = PBXBuildFile; fileRef = 173CBA9628E6623F00983E18 /* CustomNavBarPreferenceKey.swift */; };
		173CBA9928E6840100983E18 /* Package.swift in Sources */ = {isa = PBXBuildFile; fileRef = 173CBA9828E6840100983E18 /* Package.swift */; };
		173CBA9B28E6972D00983E18 /* ChangelogSectionView.swift in Sources */ = {isa = PBXBuildFile; fileRef = 173CBA9A28E6972B00983E18 /* ChangelogSectionView.swift */; };
		173CBA9E28E74DFB00983E18 /* FilesProvider in Frameworks */ = {isa = PBXBuildFile; productRef = 173CBA9D28E74DFB00983E18 /* FilesProvider */; };
		173CBAA028E79E6400983E18 /* PackageView.swift in Sources */ = {isa = PBXBuildFile; fileRef = 173CBA9F28E79E6200983E18 /* PackageView.swift */; };
		17480A8D28DFC3B8000DF33F /* SmallCardView.swift in Sources */ = {isa = PBXBuildFile; fileRef = 17480A8C28DFC3B8000DF33F /* SmallCardView.swift */; };
		17480A8F28E0B5CD000DF33F /* Changelog.swift in Sources */ = {isa = PBXBuildFile; fileRef = 17480A8E28E0B5CD000DF33F /* Changelog.swift */; };
		17480A9228E0B6B9000DF33F /* Constants.swift in Sources */ = {isa = PBXBuildFile; fileRef = 17480A9128E0B6B9000DF33F /* Constants.swift */; };
		17480A9628E0BC33000DF33F /* ConsoleListItem.swift in Sources */ = {isa = PBXBuildFile; fileRef = 17480A9528E0BC33000DF33F /* ConsoleListItem.swift */; };
		17480A9928E0BCBE000DF33F /* ConsoleSectionView.swift in Sources */ = {isa = PBXBuildFile; fileRef = 17480A9828E0BCBE000DF33F /* ConsoleSectionView.swift */; };
		17480A9B28E0D48D000DF33F /* ConsoleFeatureView.swift in Sources */ = {isa = PBXBuildFile; fileRef = 17480A9A28E0D48D000DF33F /* ConsoleFeatureView.swift */; };
		17480A9D28E0D5EA000DF33F /* FakeData.swift in Sources */ = {isa = PBXBuildFile; fileRef = 17480A9C28E0D5EA000DF33F /* FakeData.swift */; };
		17480AA128E10AA1000DF33F /* WMGameView.swift in Sources */ = {isa = PBXBuildFile; fileRef = 17480AA028E10AA0000DF33F /* WMGameView.swift */; };
		17480AA328E10C6F000DF33F /* WMControlView.swift in Sources */ = {isa = PBXBuildFile; fileRef = 17480AA228E10C6F000DF33F /* WMControlView.swift */; };
		174BAE0D28EF2F060002E2E2 /* PackageListView.swift in Sources */ = {isa = PBXBuildFile; fileRef = 174BAE0C28EF2F060002E2E2 /* PackageListView.swift */; };
		174BF30628E4F4EA00D6DDF2 /* PS3MControlView.swift in Sources */ = {isa = PBXBuildFile; fileRef = 174BF30528E4F4EA00D6DDF2 /* PS3MControlView.swift */; };
		174BF30828E5134400D6DDF2 /* ConsoleHeaderView.swift in Sources */ = {isa = PBXBuildFile; fileRef = 174BF30728E5134400D6DDF2 /* ConsoleHeaderView.swift */; };
		174BF30A28E5185E00D6DDF2 /* GoldhenBinView.swift in Sources */ = {isa = PBXBuildFile; fileRef = 174BF30928E5185E00D6DDF2 /* GoldhenBinView.swift */; };
		174BF30E28E52EE900D6DDF2 /* Goldhen.swift in Sources */ = {isa = PBXBuildFile; fileRef = 174BF30D28E52EE900D6DDF2 /* Goldhen.swift */; };
		174BF31228E63BD900D6DDF2 /* AppTabBarView.swift in Sources */ = {isa = PBXBuildFile; fileRef = 174BF31128E63BD600D6DDF2 /* AppTabBarView.swift */; };
		174BF31428E63D2F00D6DDF2 /* CustomTabBarView.swift in Sources */ = {isa = PBXBuildFile; fileRef = 174BF31328E63D2F00D6DDF2 /* CustomTabBarView.swift */; };
		174DD76B28E3E66D007244B5 /* SwiftEntryKit in Frameworks */ = {isa = PBXBuildFile; productRef = 174DD76A28E3E66D007244B5 /* SwiftEntryKit */; };
		174DD76E28E3E68F007244B5 /* BlueSocketTestCommonLibrary in Frameworks */ = {isa = PBXBuildFile; productRef = 174DD76D28E3E68F007244B5 /* BlueSocketTestCommonLibrary */; };
		174DD77028E3E68F007244B5 /* Socket in Frameworks */ = {isa = PBXBuildFile; productRef = 174DD76F28E3E68F007244B5 /* Socket */; };
		174DD77528E3F1CC007244B5 /* SimplePing.m in Sources */ = {isa = PBXBuildFile; fileRef = 174DD77428E3F1CC007244B5 /* SimplePing.m */; };
		174DD77828E40421007244B5 /* PS3MAPI.swift in Sources */ = {isa = PBXBuildFile; fileRef = 174DD77728E40421007244B5 /* PS3MAPI.swift */; };
		174DD77B28E4BF1C007244B5 /* PS3MAPI+Enums.swift in Sources */ = {isa = PBXBuildFile; fileRef = 174DD77A28E4BF1C007244B5 /* PS3MAPI+Enums.swift */; };
		174DD77D28E4C4C6007244B5 /* PS3MAPI+Structs.swift in Sources */ = {isa = PBXBuildFile; fileRef = 174DD77C28E4C4C6007244B5 /* PS3MAPI+Structs.swift */; };
		1755336528EFBB0400F7B503 /* FTP.swift in Sources */ = {isa = PBXBuildFile; fileRef = 1755336428EFBB0400F7B503 /* FTP.swift */; };
		1755336828F09EBD00F7B503 /* ObservedObjectCollection.swift in Sources */ = {isa = PBXBuildFile; fileRef = 1755336728F09EBD00F7B503 /* ObservedObjectCollection.swift */; };
		1755336B28F1FF5B00F7B503 /* InputDocument.swift in Sources */ = {isa = PBXBuildFile; fileRef = 1755336A28F1FF5900F7B503 /* InputDocument.swift */; };
		1755336D28F2098200F7B503 /* OutputDocument.swift in Sources */ = {isa = PBXBuildFile; fileRef = 1755336C28F2098200F7B503 /* OutputDocument.swift */; };
		1755336F28F2551E00F7B503 /* StringExtension.swift in Sources */ = {isa = PBXBuildFile; fileRef = 1755336E28F2551D00F7B503 /* StringExtension.swift */; };
		1787A33D28F3259200997B9E /* FTPFile.swift in Sources */ = {isa = PBXBuildFile; fileRef = 1787A33C28F3259200997B9E /* FTPFile.swift */; };
		1787A33F28F325B600997B9E /* FTPDelegate.swift in Sources */ = {isa = PBXBuildFile; fileRef = 1787A33E28F325B600997B9E /* FTPDelegate.swift */; };
		17E25B4728E6417B00C9074A /* CustomTabBarContainerView.swift in Sources */ = {isa = PBXBuildFile; fileRef = 17E25B4628E6417B00C9074A /* CustomTabBarContainerView.swift */; };
		17E25B4928E646DD00C9074A /* TabBarItemsPreferenceKey.swift in Sources */ = {isa = PBXBuildFile; fileRef = 17E25B4828E646DD00C9074A /* TabBarItemsPreferenceKey.swift */; };
		17F1783528DE552B001E010A /* MiApp.swift in Sources */ = {isa = PBXBuildFile; fileRef = 17F1783428DE552B001E010A /* MiApp.swift */; };
		17F1783728DE552B001E010A /* ContentView.swift in Sources */ = {isa = PBXBuildFile; fileRef = 17F1783628DE552B001E010A /* ContentView.swift */; };
		17F1783928DE5532001E010A /* Assets.xcassets in Resources */ = {isa = PBXBuildFile; fileRef = 17F1783828DE5532001E010A /* Assets.xcassets */; };
		17F1783C28DE5532001E010A /* Preview Assets.xcassets in Resources */ = {isa = PBXBuildFile; fileRef = 17F1783B28DE5532001E010A /* Preview Assets.xcassets */; };
		17F1783E28DE5532001E010A /* Persistence.swift in Sources */ = {isa = PBXBuildFile; fileRef = 17F1783D28DE5532001E010A /* Persistence.swift */; };
		17F1784128DE5532001E010A /* Mi.xcdatamodeld in Sources */ = {isa = PBXBuildFile; fileRef = 17F1783F28DE5532001E010A /* Mi.xcdatamodeld */; };
		17F1784B28DE5532001E010A /* MiTests.swift in Sources */ = {isa = PBXBuildFile; fileRef = 17F1784A28DE5532001E010A /* MiTests.swift */; };
		17F1785528DE5533001E010A /* MiUITests.swift in Sources */ = {isa = PBXBuildFile; fileRef = 17F1785428DE5533001E010A /* MiUITests.swift */; };
		17F1785728DE5533001E010A /* MiUITestsLaunchTests.swift in Sources */ = {isa = PBXBuildFile; fileRef = 17F1785628DE5533001E010A /* MiUITestsLaunchTests.swift */; };
		17F1786828DE6EFD001E010A /* Alamofire in Frameworks */ = {isa = PBXBuildFile; productRef = 17F1786728DE6EFD001E010A /* Alamofire */; };
		17F1786B28DE6F12001E010A /* SWXMLHash in Frameworks */ = {isa = PBXBuildFile; productRef = 17F1786A28DE6F12001E010A /* SWXMLHash */; };
		17F1786E28DE6F24001E010A /* Kingfisher in Frameworks */ = {isa = PBXBuildFile; productRef = 17F1786D28DE6F24001E010A /* Kingfisher */; };
		17F1787028DE7A17001E010A /* ChangelogFeatureView.swift in Sources */ = {isa = PBXBuildFile; fileRef = 17F1786F28DE7A17001E010A /* ChangelogFeatureView.swift */; };
		17F1787328DE7E26001E010A /* ChangelogCardView.swift in Sources */ = {isa = PBXBuildFile; fileRef = 17F1787228DE7E26001E010A /* ChangelogCardView.swift */; };
		17F1787528DE7F55001E010A /* ConsoleView.swift in Sources */ = {isa = PBXBuildFile; fileRef = 17F1787428DE7F55001E010A /* ConsoleView.swift */; };
		17F1787728DE82B4001E010A /* FTPView.swift in Sources */ = {isa = PBXBuildFile; fileRef = 17F1787628DE82B4001E010A /* FTPView.swift */; };
		17F1787928DE84C7001E010A /* ListItem.swift in Sources */ = {isa = PBXBuildFile; fileRef = 17F1787828DE84C7001E010A /* ListItem.swift */; };
		17F1787D28DE8A8F001E010A /* Console.swift in Sources */ = {isa = PBXBuildFile; fileRef = 17F1787C28DE8A8F001E010A /* Console.swift */; };
		17F1788228DE8B5A001E010A /* PlatformType.swift in Sources */ = {isa = PBXBuildFile; fileRef = 17F1788128DE8B5A001E010A /* PlatformType.swift */; };
		17F1788428DE8B7F001E010A /* Feature.swift in Sources */ = {isa = PBXBuildFile; fileRef = 17F1788328DE8B7F001E010A /* Feature.swift */; };
		17F1788828DE8BC7001E010A /* Protocols.swift in Sources */ = {isa = PBXBuildFile; fileRef = 17F1788728DE8BC7001E010A /* Protocols.swift */; };
		17F1788C28DEB087001E010A /* Webman.swift in Sources */ = {isa = PBXBuildFile; fileRef = 17F1788B28DEB087001E010A /* Webman.swift */; };
		17F1788E28DEB0A8001E010A /* PSXService.swift in Sources */ = {isa = PBXBuildFile; fileRef = 17F1788D28DEB0A8001E010A /* PSXService.swift */; };
		17F1789028DEB0DD001E010A /* SyncService.swift in Sources */ = {isa = PBXBuildFile; fileRef = 17F1788F28DEB0DD001E010A /* SyncService.swift */; };
		17F1789228DEB160001E010A /* SettingView.swift in Sources */ = {isa = PBXBuildFile; fileRef = 17F1789128DEB160001E010A /* SettingView.swift */; };
/* End PBXBuildFile section */

/* Begin PBXContainerItemProxy section */
		17F1784728DE5532001E010A /* PBXContainerItemProxy */ = {
			isa = PBXContainerItemProxy;
			containerPortal = 17F1782928DE552A001E010A /* Project object */;
			proxyType = 1;
			remoteGlobalIDString = 17F1783028DE552A001E010A;
			remoteInfo = Mi;
		};
		17F1785128DE5533001E010A /* PBXContainerItemProxy */ = {
			isa = PBXContainerItemProxy;
			containerPortal = 17F1782928DE552A001E010A /* Project object */;
			proxyType = 1;
			remoteGlobalIDString = 17F1783028DE552A001E010A;
			remoteInfo = Mi;
		};
/* End PBXContainerItemProxy section */

/* Begin PBXFileReference section */
		171B23E228ECB9CC0050DAB9 /* PackageViewItem.swift */ = {isa = PBXFileReference; lastKnownFileType = sourcecode.swift; path = PackageViewItem.swift; sourceTree = "<group>"; };
		171B23E428ECBA1A0050DAB9 /* RepoListItem.swift */ = {isa = PBXFileReference; lastKnownFileType = sourcecode.swift; path = RepoListItem.swift; sourceTree = "<group>"; };
		171B23E628ECBFBB0050DAB9 /* Webman+Enums.swift */ = {isa = PBXFileReference; lastKnownFileType = sourcecode.swift; path = "Webman+Enums.swift"; sourceTree = "<group>"; };
		171B23E828ECC0980050DAB9 /* Webman+Structs.swift */ = {isa = PBXFileReference; lastKnownFileType = sourcecode.swift; path = "Webman+Structs.swift"; sourceTree = "<group>"; };
		171B23EA28ECC5930050DAB9 /* Article.swift */ = {isa = PBXFileReference; lastKnownFileType = sourcecode.swift; path = Article.swift; sourceTree = "<group>"; };
		171B23EC28ECC6440050DAB9 /* IntroView.swift */ = {isa = PBXFileReference; lastKnownFileType = sourcecode.swift; path = IntroView.swift; sourceTree = "<group>"; };
		171B23F028EE60DD0050DAB9 /* ViewExtensions.swift */ = {isa = PBXFileReference; lastKnownFileType = sourcecode.swift; path = ViewExtensions.swift; sourceTree = "<group>"; };
		173CBA8928E649F100983E18 /* TabBarItem.swift */ = {isa = PBXFileReference; lastKnownFileType = sourcecode.swift; path = TabBarItem.swift; sourceTree = "<group>"; };
		173CBA8C28E6579D00983E18 /* AppBarNavView.swift */ = {isa = PBXFileReference; lastKnownFileType = sourcecode.swift; path = AppBarNavView.swift; sourceTree = "<group>"; };
		173CBA8E28E6593100983E18 /* CustomNavBarView.swift */ = {isa = PBXFileReference; lastKnownFileType = sourcecode.swift; path = CustomNavBarView.swift; sourceTree = "<group>"; };
		173CBA9028E65C4100983E18 /* CustomNavBarContainerView.swift */ = {isa = PBXFileReference; lastKnownFileType = sourcecode.swift; path = CustomNavBarContainerView.swift; sourceTree = "<group>"; };
		173CBA9228E65DC300983E18 /* CustomNavView.swift */ = {isa = PBXFileReference; lastKnownFileType = sourcecode.swift; path = CustomNavView.swift; sourceTree = "<group>"; };
		173CBA9428E65F0F00983E18 /* CustomNavLink.swift */ = {isa = PBXFileReference; lastKnownFileType = sourcecode.swift; path = CustomNavLink.swift; sourceTree = "<group>"; };
		173CBA9628E6623F00983E18 /* CustomNavBarPreferenceKey.swift */ = {isa = PBXFileReference; lastKnownFileType = sourcecode.swift; path = CustomNavBarPreferenceKey.swift; sourceTree = "<group>"; };
		173CBA9828E6840100983E18 /* Package.swift */ = {isa = PBXFileReference; lastKnownFileType = sourcecode.swift; path = Package.swift; sourceTree = "<group>"; };
		173CBA9A28E6972B00983E18 /* ChangelogSectionView.swift */ = {isa = PBXFileReference; lastKnownFileType = sourcecode.swift; path = ChangelogSectionView.swift; sourceTree = "<group>"; };
		173CBA9F28E79E6200983E18 /* PackageView.swift */ = {isa = PBXFileReference; lastKnownFileType = sourcecode.swift; path = PackageView.swift; sourceTree = "<group>"; };
		17480A8C28DFC3B8000DF33F /* SmallCardView.swift */ = {isa = PBXFileReference; lastKnownFileType = sourcecode.swift; path = SmallCardView.swift; sourceTree = "<group>"; };
		17480A8E28E0B5CD000DF33F /* Changelog.swift */ = {isa = PBXFileReference; lastKnownFileType = sourcecode.swift; path = Changelog.swift; sourceTree = "<group>"; };
		17480A9128E0B6B9000DF33F /* Constants.swift */ = {isa = PBXFileReference; lastKnownFileType = sourcecode.swift; path = Constants.swift; sourceTree = "<group>"; };
		17480A9528E0BC33000DF33F /* ConsoleListItem.swift */ = {isa = PBXFileReference; lastKnownFileType = sourcecode.swift; path = ConsoleListItem.swift; sourceTree = "<group>"; };
		17480A9828E0BCBE000DF33F /* ConsoleSectionView.swift */ = {isa = PBXFileReference; lastKnownFileType = sourcecode.swift; path = ConsoleSectionView.swift; sourceTree = "<group>"; };
		17480A9A28E0D48D000DF33F /* ConsoleFeatureView.swift */ = {isa = PBXFileReference; lastKnownFileType = sourcecode.swift; path = ConsoleFeatureView.swift; sourceTree = "<group>"; };
		17480A9C28E0D5EA000DF33F /* FakeData.swift */ = {isa = PBXFileReference; lastKnownFileType = sourcecode.swift; path = FakeData.swift; sourceTree = "<group>"; };
		17480AA028E10AA0000DF33F /* WMGameView.swift */ = {isa = PBXFileReference; lastKnownFileType = sourcecode.swift; path = WMGameView.swift; sourceTree = "<group>"; };
		17480AA228E10C6F000DF33F /* WMControlView.swift */ = {isa = PBXFileReference; lastKnownFileType = sourcecode.swift; path = WMControlView.swift; sourceTree = "<group>"; };
		174BAE0C28EF2F060002E2E2 /* PackageListView.swift */ = {isa = PBXFileReference; lastKnownFileType = sourcecode.swift; path = PackageListView.swift; sourceTree = "<group>"; };
		174BF30528E4F4EA00D6DDF2 /* PS3MControlView.swift */ = {isa = PBXFileReference; lastKnownFileType = sourcecode.swift; path = PS3MControlView.swift; sourceTree = "<group>"; };
		174BF30728E5134400D6DDF2 /* ConsoleHeaderView.swift */ = {isa = PBXFileReference; lastKnownFileType = sourcecode.swift; path = ConsoleHeaderView.swift; sourceTree = "<group>"; };
		174BF30928E5185E00D6DDF2 /* GoldhenBinView.swift */ = {isa = PBXFileReference; lastKnownFileType = sourcecode.swift; path = GoldhenBinView.swift; sourceTree = "<group>"; };
		174BF30D28E52EE900D6DDF2 /* Goldhen.swift */ = {isa = PBXFileReference; lastKnownFileType = sourcecode.swift; path = Goldhen.swift; sourceTree = "<group>"; };
		174BF30F28E5398700D6DDF2 /* Info.plist */ = {isa = PBXFileReference; lastKnownFileType = text.plist; path = Info.plist; sourceTree = "<group>"; };
		174BF31128E63BD600D6DDF2 /* AppTabBarView.swift */ = {isa = PBXFileReference; lastKnownFileType = sourcecode.swift; path = AppTabBarView.swift; sourceTree = "<group>"; };
		174BF31328E63D2F00D6DDF2 /* CustomTabBarView.swift */ = {isa = PBXFileReference; lastKnownFileType = sourcecode.swift; path = CustomTabBarView.swift; sourceTree = "<group>"; };
		174DD77228E3F1CB007244B5 /* Mi-Bridging-Header.h */ = {isa = PBXFileReference; lastKnownFileType = sourcecode.c.h; path = "Mi-Bridging-Header.h"; sourceTree = "<group>"; };
		174DD77328E3F1CC007244B5 /* SimplePing.h */ = {isa = PBXFileReference; fileEncoding = 4; lastKnownFileType = sourcecode.c.h; path = SimplePing.h; sourceTree = "<group>"; };
		174DD77428E3F1CC007244B5 /* SimplePing.m */ = {isa = PBXFileReference; fileEncoding = 4; lastKnownFileType = sourcecode.c.objc; path = SimplePing.m; sourceTree = "<group>"; };
		174DD77728E40421007244B5 /* PS3MAPI.swift */ = {isa = PBXFileReference; lastKnownFileType = sourcecode.swift; path = PS3MAPI.swift; sourceTree = "<group>"; };
		174DD77A28E4BF1C007244B5 /* PS3MAPI+Enums.swift */ = {isa = PBXFileReference; lastKnownFileType = sourcecode.swift; path = "PS3MAPI+Enums.swift"; sourceTree = "<group>"; };
		174DD77C28E4C4C6007244B5 /* PS3MAPI+Structs.swift */ = {isa = PBXFileReference; lastKnownFileType = sourcecode.swift; path = "PS3MAPI+Structs.swift"; sourceTree = "<group>"; };
		1755336428EFBB0400F7B503 /* FTP.swift */ = {isa = PBXFileReference; lastKnownFileType = sourcecode.swift; path = FTP.swift; sourceTree = "<group>"; };
		1755336728F09EBD00F7B503 /* ObservedObjectCollection.swift */ = {isa = PBXFileReference; lastKnownFileType = sourcecode.swift; path = ObservedObjectCollection.swift; sourceTree = "<group>"; };
		1755336A28F1FF5900F7B503 /* InputDocument.swift */ = {isa = PBXFileReference; lastKnownFileType = sourcecode.swift; path = InputDocument.swift; sourceTree = "<group>"; };
		1755336C28F2098200F7B503 /* OutputDocument.swift */ = {isa = PBXFileReference; lastKnownFileType = sourcecode.swift; path = OutputDocument.swift; sourceTree = "<group>"; };
		1755336E28F2551D00F7B503 /* StringExtension.swift */ = {isa = PBXFileReference; lastKnownFileType = sourcecode.swift; path = StringExtension.swift; sourceTree = "<group>"; };
		1787A33C28F3259200997B9E /* FTPFile.swift */ = {isa = PBXFileReference; lastKnownFileType = sourcecode.swift; path = FTPFile.swift; sourceTree = "<group>"; };
		1787A33E28F325B600997B9E /* FTPDelegate.swift */ = {isa = PBXFileReference; lastKnownFileType = sourcecode.swift; path = FTPDelegate.swift; sourceTree = "<group>"; };
		17E25B4628E6417B00C9074A /* CustomTabBarContainerView.swift */ = {isa = PBXFileReference; lastKnownFileType = sourcecode.swift; path = CustomTabBarContainerView.swift; sourceTree = "<group>"; };
		17E25B4828E646DD00C9074A /* TabBarItemsPreferenceKey.swift */ = {isa = PBXFileReference; lastKnownFileType = sourcecode.swift; path = TabBarItemsPreferenceKey.swift; sourceTree = "<group>"; };
		17F1783128DE552A001E010A /* Mi.app */ = {isa = PBXFileReference; explicitFileType = wrapper.application; includeInIndex = 0; path = Mi.app; sourceTree = BUILT_PRODUCTS_DIR; };
		17F1783428DE552B001E010A /* MiApp.swift */ = {isa = PBXFileReference; lastKnownFileType = sourcecode.swift; path = MiApp.swift; sourceTree = "<group>"; };
		17F1783628DE552B001E010A /* ContentView.swift */ = {isa = PBXFileReference; lastKnownFileType = sourcecode.swift; path = ContentView.swift; sourceTree = "<group>"; };
		17F1783828DE5532001E010A /* Assets.xcassets */ = {isa = PBXFileReference; lastKnownFileType = folder.assetcatalog; path = Assets.xcassets; sourceTree = "<group>"; };
		17F1783B28DE5532001E010A /* Preview Assets.xcassets */ = {isa = PBXFileReference; lastKnownFileType = folder.assetcatalog; path = "Preview Assets.xcassets"; sourceTree = "<group>"; };
		17F1783D28DE5532001E010A /* Persistence.swift */ = {isa = PBXFileReference; lastKnownFileType = sourcecode.swift; path = Persistence.swift; sourceTree = "<group>"; };
		17F1784028DE5532001E010A /* Mi.xcdatamodel */ = {isa = PBXFileReference; lastKnownFileType = wrapper.xcdatamodel; path = Mi.xcdatamodel; sourceTree = "<group>"; };
		17F1784628DE5532001E010A /* MiTests.xctest */ = {isa = PBXFileReference; explicitFileType = wrapper.cfbundle; includeInIndex = 0; path = MiTests.xctest; sourceTree = BUILT_PRODUCTS_DIR; };
		17F1784A28DE5532001E010A /* MiTests.swift */ = {isa = PBXFileReference; lastKnownFileType = sourcecode.swift; path = MiTests.swift; sourceTree = "<group>"; };
		17F1785028DE5533001E010A /* MiUITests.xctest */ = {isa = PBXFileReference; explicitFileType = wrapper.cfbundle; includeInIndex = 0; path = MiUITests.xctest; sourceTree = BUILT_PRODUCTS_DIR; };
		17F1785428DE5533001E010A /* MiUITests.swift */ = {isa = PBXFileReference; lastKnownFileType = sourcecode.swift; path = MiUITests.swift; sourceTree = "<group>"; };
		17F1785628DE5533001E010A /* MiUITestsLaunchTests.swift */ = {isa = PBXFileReference; lastKnownFileType = sourcecode.swift; path = MiUITestsLaunchTests.swift; sourceTree = "<group>"; };
		17F1786F28DE7A17001E010A /* ChangelogFeatureView.swift */ = {isa = PBXFileReference; lastKnownFileType = sourcecode.swift; path = ChangelogFeatureView.swift; sourceTree = "<group>"; };
		17F1787228DE7E26001E010A /* ChangelogCardView.swift */ = {isa = PBXFileReference; lastKnownFileType = sourcecode.swift; path = ChangelogCardView.swift; sourceTree = "<group>"; };
		17F1787428DE7F55001E010A /* ConsoleView.swift */ = {isa = PBXFileReference; lastKnownFileType = sourcecode.swift; path = ConsoleView.swift; sourceTree = "<group>"; };
		17F1787628DE82B4001E010A /* FTPView.swift */ = {isa = PBXFileReference; lastKnownFileType = sourcecode.swift; path = FTPView.swift; sourceTree = "<group>"; };
		17F1787828DE84C7001E010A /* ListItem.swift */ = {isa = PBXFileReference; lastKnownFileType = sourcecode.swift; path = ListItem.swift; sourceTree = "<group>"; };
		17F1787C28DE8A8F001E010A /* Console.swift */ = {isa = PBXFileReference; lastKnownFileType = sourcecode.swift; path = Console.swift; sourceTree = "<group>"; };
		17F1788128DE8B5A001E010A /* PlatformType.swift */ = {isa = PBXFileReference; lastKnownFileType = sourcecode.swift; path = PlatformType.swift; sourceTree = "<group>"; };
		17F1788328DE8B7F001E010A /* Feature.swift */ = {isa = PBXFileReference; lastKnownFileType = sourcecode.swift; path = Feature.swift; sourceTree = "<group>"; };
		17F1788728DE8BC7001E010A /* Protocols.swift */ = {isa = PBXFileReference; lastKnownFileType = sourcecode.swift; path = Protocols.swift; sourceTree = "<group>"; };
		17F1788B28DEB087001E010A /* Webman.swift */ = {isa = PBXFileReference; lastKnownFileType = sourcecode.swift; path = Webman.swift; sourceTree = "<group>"; };
		17F1788D28DEB0A8001E010A /* PSXService.swift */ = {isa = PBXFileReference; lastKnownFileType = sourcecode.swift; path = PSXService.swift; sourceTree = "<group>"; };
		17F1788F28DEB0DD001E010A /* SyncService.swift */ = {isa = PBXFileReference; lastKnownFileType = sourcecode.swift; path = SyncService.swift; sourceTree = "<group>"; };
		17F1789128DEB160001E010A /* SettingView.swift */ = {isa = PBXFileReference; lastKnownFileType = sourcecode.swift; path = SettingView.swift; sourceTree = "<group>"; };
/* End PBXFileReference section */

/* Begin PBXFrameworksBuildPhase section */
		17F1782E28DE552A001E010A /* Frameworks */ = {
			isa = PBXFrameworksBuildPhase;
			buildActionMask = 2147483647;
			files = (
				17F1786E28DE6F24001E010A /* Kingfisher in Frameworks */,
				17F1786B28DE6F12001E010A /* SWXMLHash in Frameworks */,
				174DD77028E3E68F007244B5 /* Socket in Frameworks */,
				173CBA9E28E74DFB00983E18 /* FilesProvider in Frameworks */,
				174DD76B28E3E66D007244B5 /* SwiftEntryKit in Frameworks */,
				174DD76E28E3E68F007244B5 /* BlueSocketTestCommonLibrary in Frameworks */,
				17F1786828DE6EFD001E010A /* Alamofire in Frameworks */,
			);
			runOnlyForDeploymentPostprocessing = 0;
		};
		17F1784328DE5532001E010A /* Frameworks */ = {
			isa = PBXFrameworksBuildPhase;
			buildActionMask = 2147483647;
			files = (
			);
			runOnlyForDeploymentPostprocessing = 0;
		};
		17F1784D28DE5533001E010A /* Frameworks */ = {
			isa = PBXFrameworksBuildPhase;
			buildActionMask = 2147483647;
			files = (
			);
			runOnlyForDeploymentPostprocessing = 0;
		};
/* End PBXFrameworksBuildPhase section */

/* Begin PBXGroup section */
		1704AE0228EA09C100B1DF53 /* RemotePI */ = {
			isa = PBXGroup;
			children = (
			);
			path = RemotePI;
			sourceTree = "<group>";
		};
		1704AE0328EBAE1B00B1DF53 /* Packages */ = {
			isa = PBXGroup;
			children = (
				173CBA9F28E79E6200983E18 /* PackageView.swift */,
				171B23E228ECB9CC0050DAB9 /* PackageViewItem.swift */,
				171B23E428ECBA1A0050DAB9 /* RepoListItem.swift */,
				174BAE0C28EF2F060002E2E2 /* PackageListView.swift */,
			);
			path = Packages;
			sourceTree = "<group>";
		};
		1704AE0428EBAEA300B1DF53 /* Common */ = {
			isa = PBXGroup;
			children = (
				17480A8C28DFC3B8000DF33F /* SmallCardView.swift */,
				17F1787828DE84C7001E010A /* ListItem.swift */,
			);
			path = Common;
			sourceTree = "<group>";
		};
		1704AE0528EBAECF00B1DF53 /* Changelog */ = {
			isa = PBXGroup;
			children = (
				17F1786F28DE7A17001E010A /* ChangelogFeatureView.swift */,
				17F1787228DE7E26001E010A /* ChangelogCardView.swift */,
				173CBA9A28E6972B00983E18 /* ChangelogSectionView.swift */,
			);
			path = Changelog;
			sourceTree = "<group>";
		};
		1704AE0628EBAF7800B1DF53 /* FTP */ = {
			isa = PBXGroup;
			children = (
				17F1787628DE82B4001E010A /* FTPView.swift */,
			);
			path = FTP;
			sourceTree = "<group>";
		};
		1704AE0728EBAF8D00B1DF53 /* Console */ = {
			isa = PBXGroup;
			children = (
				17F1787B28DE8A1D001E010A /* Views */,
				17F1787428DE7F55001E010A /* ConsoleView.swift */,
			);
			path = Console;
			sourceTree = "<group>";
		};
		1704AE0828EBAFD400B1DF53 /* Settings */ = {
			isa = PBXGroup;
			children = (
				17F1789128DEB160001E010A /* SettingView.swift */,
			);
			path = Settings;
			sourceTree = "<group>";
		};
		171B23EE28ECC64B0050DAB9 /* Home */ = {
			isa = PBXGroup;
			children = (
				1704AE0528EBAECF00B1DF53 /* Changelog */,
				171B23EC28ECC6440050DAB9 /* IntroView.swift */,
			);
			path = Home;
			sourceTree = "<group>";
		};
		171B23EF28EE60BF0050DAB9 /* Extensions */ = {
			isa = PBXGroup;
			children = (
				171B23F028EE60DD0050DAB9 /* ViewExtensions.swift */,
				1755336E28F2551D00F7B503 /* StringExtension.swift */,
			);
			path = Extensions;
			sourceTree = "<group>";
		};
		173CBA8B28E6577800983E18 /* CustomNavBar */ = {
			isa = PBXGroup;
			children = (
				173CBA8C28E6579D00983E18 /* AppBarNavView.swift */,
				173CBA8E28E6593100983E18 /* CustomNavBarView.swift */,
				173CBA9028E65C4100983E18 /* CustomNavBarContainerView.swift */,
				173CBA9228E65DC300983E18 /* CustomNavView.swift */,
				173CBA9428E65F0F00983E18 /* CustomNavLink.swift */,
				173CBA9628E6623F00983E18 /* CustomNavBarPreferenceKey.swift */,
			);
			path = CustomNavBar;
			sourceTree = "<group>";
		};
		17480A9028E0B696000DF33F /* Constants */ = {
			isa = PBXGroup;
			children = (
				17480A9128E0B6B9000DF33F /* Constants.swift */,
				17480A9C28E0D5EA000DF33F /* FakeData.swift */,
			);
			path = Constants;
			sourceTree = "<group>";
		};
		17480A9E28E0DAEF000DF33F /* Enums */ = {
			isa = PBXGroup;
			children = (
				17F1788728DE8BC7001E010A /* Protocols.swift */,
				17F1788128DE8B5A001E010A /* PlatformType.swift */,
				17F1788328DE8B7F001E010A /* Feature.swift */,
			);
			path = Enums;
			sourceTree = "<group>";
		};
		174BF30328E4F4B400D6DDF2 /* Webman */ = {
			isa = PBXGroup;
			children = (
				17480AA028E10AA0000DF33F /* WMGameView.swift */,
				17480AA228E10C6F000DF33F /* WMControlView.swift */,
			);
			path = Webman;
			sourceTree = "<group>";
		};
		174BF30428E4F4C900D6DDF2 /* PS3M */ = {
			isa = PBXGroup;
			children = (
				174BF30528E4F4EA00D6DDF2 /* PS3MControlView.swift */,
			);
			path = PS3M;
			sourceTree = "<group>";
		};
		174BF30B28E5186300D6DDF2 /* Goldhen */ = {
			isa = PBXGroup;
			children = (
				174BF30928E5185E00D6DDF2 /* GoldhenBinView.swift */,
			);
			path = Goldhen;
			sourceTree = "<group>";
		};
		174BF30C28E52ED000D6DDF2 /* Goldhen */ = {
			isa = PBXGroup;
			children = (
				174BF30D28E52EE900D6DDF2 /* Goldhen.swift */,
			);
			path = Goldhen;
			sourceTree = "<group>";
		};
		174BF31028E63BBB00D6DDF2 /* CustomTabBar */ = {
			isa = PBXGroup;
			children = (
				174BF31128E63BD600D6DDF2 /* AppTabBarView.swift */,
				174BF31328E63D2F00D6DDF2 /* CustomTabBarView.swift */,
				17E25B4628E6417B00C9074A /* CustomTabBarContainerView.swift */,
				17E25B4828E646DD00C9074A /* TabBarItemsPreferenceKey.swift */,
				173CBA8928E649F100983E18 /* TabBarItem.swift */,
			);
			path = CustomTabBar;
			sourceTree = "<group>";
		};
		174DD77128E3F1AE007244B5 /* SimplePing */ = {
			isa = PBXGroup;
			children = (
				174DD77328E3F1CC007244B5 /* SimplePing.h */,
				174DD77428E3F1CC007244B5 /* SimplePing.m */,
				174DD77228E3F1CB007244B5 /* Mi-Bridging-Header.h */,
			);
			path = SimplePing;
			sourceTree = "<group>";
		};
		174DD77928E4BEF2007244B5 /* PS3MAPI */ = {
			isa = PBXGroup;
			children = (
				174DD77728E40421007244B5 /* PS3MAPI.swift */,
				174DD77A28E4BF1C007244B5 /* PS3MAPI+Enums.swift */,
				174DD77C28E4C4C6007244B5 /* PS3MAPI+Structs.swift */,
			);
			path = PS3MAPI;
			sourceTree = "<group>";
		};
		174DD77E28E4C4DB007244B5 /* Webman */ = {
			isa = PBXGroup;
			children = (
				17F1788B28DEB087001E010A /* Webman.swift */,
				171B23E628ECBFBB0050DAB9 /* Webman+Enums.swift */,
				171B23E828ECC0980050DAB9 /* Webman+Structs.swift */,
			);
			path = Webman;
			sourceTree = "<group>";
		};
		1755336328EFBAEF00F7B503 /* FTP */ = {
			isa = PBXGroup;
			children = (
				1755336428EFBB0400F7B503 /* FTP.swift */,
				1787A33C28F3259200997B9E /* FTPFile.swift */,
				1787A33E28F325B600997B9E /* FTPDelegate.swift */,
			);
			path = FTP;
			sourceTree = "<group>";
		};
		1755336628F09EA200F7B503 /* Helpers */ = {
			isa = PBXGroup;
			children = (
				1755336728F09EBD00F7B503 /* ObservedObjectCollection.swift */,
			);
			path = Helpers;
			sourceTree = "<group>";
		};
		1755336928F1FF4800F7B503 /* IO */ = {
			isa = PBXGroup;
			children = (
				1755336A28F1FF5900F7B503 /* InputDocument.swift */,
				1755336C28F2098200F7B503 /* OutputDocument.swift */,
			);
			path = IO;
			sourceTree = "<group>";
		};
		17F1782828DE552A001E010A = {
			isa = PBXGroup;
			children = (
				17F1783328DE552A001E010A /* Mi */,
				17F1784928DE5532001E010A /* MiTests */,
				17F1785328DE5533001E010A /* MiUITests */,
				17F1783228DE552A001E010A /* Products */,
			);
			sourceTree = "<group>";
		};
		17F1783228DE552A001E010A /* Products */ = {
			isa = PBXGroup;
			children = (
				17F1783128DE552A001E010A /* Mi.app */,
				17F1784628DE5532001E010A /* MiTests.xctest */,
				17F1785028DE5533001E010A /* MiUITests.xctest */,
			);
			name = Products;
			sourceTree = "<group>";
		};
		17F1783328DE552A001E010A /* Mi */ = {
			isa = PBXGroup;
			children = (
				1755336928F1FF4800F7B503 /* IO */,
				1755336628F09EA200F7B503 /* Helpers */,
				171B23EF28EE60BF0050DAB9 /* Extensions */,
				174BF30F28E5398700D6DDF2 /* Info.plist */,
				174DD77128E3F1AE007244B5 /* SimplePing */,
				17480A9028E0B696000DF33F /* Constants */,
				17F1788928DEB035001E010A /* Network */,
				17F1787E28DE8B2B001E010A /* Models */,
				17F1787128DE7E08001E010A /* Navigation */,
				17F1787A28DE89E9001E010A /* Screens */,
				17F1783428DE552B001E010A /* MiApp.swift */,
				17F1783D28DE5532001E010A /* Persistence.swift */,
				17F1783828DE5532001E010A /* Assets.xcassets */,
				17F1783F28DE5532001E010A /* Mi.xcdatamodeld */,
				17F1783A28DE5532001E010A /* Preview Content */,
			);
			path = Mi;
			sourceTree = "<group>";
		};
		17F1783A28DE5532001E010A /* Preview Content */ = {
			isa = PBXGroup;
			children = (
				17F1783B28DE5532001E010A /* Preview Assets.xcassets */,
			);
			path = "Preview Content";
			sourceTree = "<group>";
		};
		17F1784928DE5532001E010A /* MiTests */ = {
			isa = PBXGroup;
			children = (
				17F1784A28DE5532001E010A /* MiTests.swift */,
			);
			path = MiTests;
			sourceTree = "<group>";
		};
		17F1785328DE5533001E010A /* MiUITests */ = {
			isa = PBXGroup;
			children = (
				17F1785428DE5533001E010A /* MiUITests.swift */,
				17F1785628DE5533001E010A /* MiUITestsLaunchTests.swift */,
			);
			path = MiUITests;
			sourceTree = "<group>";
		};
		17F1787128DE7E08001E010A /* Navigation */ = {
			isa = PBXGroup;
			children = (
				173CBA8B28E6577800983E18 /* CustomNavBar */,
				174BF31028E63BBB00D6DDF2 /* CustomTabBar */,
				17F1783628DE552B001E010A /* ContentView.swift */,
			);
			path = Navigation;
			sourceTree = "<group>";
		};
		17F1787A28DE89E9001E010A /* Screens */ = {
			isa = PBXGroup;
			children = (
				171B23EE28ECC64B0050DAB9 /* Home */,
				1704AE0728EBAF8D00B1DF53 /* Console */,
				1704AE0628EBAF7800B1DF53 /* FTP */,
				1704AE0328EBAE1B00B1DF53 /* Packages */,
				1704AE0828EBAFD400B1DF53 /* Settings */,
				1704AE0428EBAEA300B1DF53 /* Common */,
			);
			path = Screens;
			sourceTree = "<group>";
		};
		17F1787B28DE8A1D001E010A /* Views */ = {
			isa = PBXGroup;
			children = (
				1704AE0228EA09C100B1DF53 /* RemotePI */,
				174BF30B28E5186300D6DDF2 /* Goldhen */,
				174BF30428E4F4C900D6DDF2 /* PS3M */,
				174BF30328E4F4B400D6DDF2 /* Webman */,
				17480A9A28E0D48D000DF33F /* ConsoleFeatureView.swift */,
				174BF30728E5134400D6DDF2 /* ConsoleHeaderView.swift */,
				17480A9528E0BC33000DF33F /* ConsoleListItem.swift */,
				17480A9828E0BCBE000DF33F /* ConsoleSectionView.swift */,
			);
			path = Views;
			sourceTree = "<group>";
		};
		17F1787E28DE8B2B001E010A /* Models */ = {
			isa = PBXGroup;
			children = (
				17480A9E28E0DAEF000DF33F /* Enums */,
				17F1787C28DE8A8F001E010A /* Console.swift */,
				17480A8E28E0B5CD000DF33F /* Changelog.swift */,
				171B23EA28ECC5930050DAB9 /* Article.swift */,
			);
			path = Models;
			sourceTree = "<group>";
		};
		17F1788928DEB035001E010A /* Network */ = {
			isa = PBXGroup;
			children = (
				1755336328EFBAEF00F7B503 /* FTP */,
				17F1788A28DEB064001E010A /* Protocols */,
				17F1788D28DEB0A8001E010A /* PSXService.swift */,
				17F1788F28DEB0DD001E010A /* SyncService.swift */,
				173CBA9828E6840100983E18 /* Package.swift */,
			);
			path = Network;
			sourceTree = "<group>";
		};
		17F1788A28DEB064001E010A /* Protocols */ = {
			isa = PBXGroup;
			children = (
				174BF30C28E52ED000D6DDF2 /* Goldhen */,
				174DD77E28E4C4DB007244B5 /* Webman */,
				174DD77928E4BEF2007244B5 /* PS3MAPI */,
			);
			path = Protocols;
			sourceTree = "<group>";
		};
/* End PBXGroup section */

/* Begin PBXNativeTarget section */
		17F1783028DE552A001E010A /* Mi */ = {
			isa = PBXNativeTarget;
			buildConfigurationList = 17F1785A28DE5533001E010A /* Build configuration list for PBXNativeTarget "Mi" */;
			buildPhases = (
				17F1782D28DE552A001E010A /* Sources */,
				17F1782E28DE552A001E010A /* Frameworks */,
				17F1782F28DE552A001E010A /* Resources */,
			);
			buildRules = (
			);
			dependencies = (
			);
			name = Mi;
			packageProductDependencies = (
				17F1786728DE6EFD001E010A /* Alamofire */,
				17F1786A28DE6F12001E010A /* SWXMLHash */,
				17F1786D28DE6F24001E010A /* Kingfisher */,
				174DD76A28E3E66D007244B5 /* SwiftEntryKit */,
				174DD76D28E3E68F007244B5 /* BlueSocketTestCommonLibrary */,
				174DD76F28E3E68F007244B5 /* Socket */,
				173CBA9D28E74DFB00983E18 /* FilesProvider */,
			);
			productName = Mi;
			productReference = 17F1783128DE552A001E010A /* Mi.app */;
			productType = "com.apple.product-type.application";
		};
		17F1784528DE5532001E010A /* MiTests */ = {
			isa = PBXNativeTarget;
			buildConfigurationList = 17F1785D28DE5533001E010A /* Build configuration list for PBXNativeTarget "MiTests" */;
			buildPhases = (
				17F1784228DE5532001E010A /* Sources */,
				17F1784328DE5532001E010A /* Frameworks */,
				17F1784428DE5532001E010A /* Resources */,
			);
			buildRules = (
			);
			dependencies = (
				17F1784828DE5532001E010A /* PBXTargetDependency */,
			);
			name = MiTests;
			productName = MiTests;
			productReference = 17F1784628DE5532001E010A /* MiTests.xctest */;
			productType = "com.apple.product-type.bundle.unit-test";
		};
		17F1784F28DE5533001E010A /* MiUITests */ = {
			isa = PBXNativeTarget;
			buildConfigurationList = 17F1786028DE5533001E010A /* Build configuration list for PBXNativeTarget "MiUITests" */;
			buildPhases = (
				17F1784C28DE5533001E010A /* Sources */,
				17F1784D28DE5533001E010A /* Frameworks */,
				17F1784E28DE5533001E010A /* Resources */,
			);
			buildRules = (
			);
			dependencies = (
				17F1785228DE5533001E010A /* PBXTargetDependency */,
			);
			name = MiUITests;
			productName = MiUITests;
			productReference = 17F1785028DE5533001E010A /* MiUITests.xctest */;
			productType = "com.apple.product-type.bundle.ui-testing";
		};
/* End PBXNativeTarget section */

/* Begin PBXProject section */
		17F1782928DE552A001E010A /* Project object */ = {
			isa = PBXProject;
			attributes = {
				BuildIndependentTargetsInParallel = 1;
				LastSwiftUpdateCheck = 1320;
				LastUpgradeCheck = 1320;
				TargetAttributes = {
					17F1783028DE552A001E010A = {
						CreatedOnToolsVersion = 13.2.1;
						LastSwiftMigration = 1320;
					};
					17F1784528DE5532001E010A = {
						CreatedOnToolsVersion = 13.2.1;
						TestTargetID = 17F1783028DE552A001E010A;
					};
					17F1784F28DE5533001E010A = {
						CreatedOnToolsVersion = 13.2.1;
						TestTargetID = 17F1783028DE552A001E010A;
					};
				};
			};
			buildConfigurationList = 17F1782C28DE552A001E010A /* Build configuration list for PBXProject "Mi" */;
			compatibilityVersion = "Xcode 13.0";
			developmentRegion = en;
			hasScannedForEncodings = 0;
			knownRegions = (
				en,
				Base,
			);
			mainGroup = 17F1782828DE552A001E010A;
			packageReferences = (
				17F1786628DE6EFD001E010A /* XCRemoteSwiftPackageReference "Alamofire" */,
				17F1786928DE6F12001E010A /* XCRemoteSwiftPackageReference "SWXMLHash" */,
				17F1786C28DE6F24001E010A /* XCRemoteSwiftPackageReference "Kingfisher" */,
				174DD76928E3E66D007244B5 /* XCRemoteSwiftPackageReference "SwiftEntryKit" */,
				174DD76C28E3E68F007244B5 /* XCRemoteSwiftPackageReference "BlueSocket" */,
				173CBA9C28E74DF900983E18 /* XCRemoteSwiftPackageReference "FileProvider" */,
			);
			productRefGroup = 17F1783228DE552A001E010A /* Products */;
			projectDirPath = "";
			projectRoot = "";
			targets = (
				17F1783028DE552A001E010A /* Mi */,
				17F1784528DE5532001E010A /* MiTests */,
				17F1784F28DE5533001E010A /* MiUITests */,
			);
		};
/* End PBXProject section */

/* Begin PBXResourcesBuildPhase section */
		17F1782F28DE552A001E010A /* Resources */ = {
			isa = PBXResourcesBuildPhase;
			buildActionMask = 2147483647;
			files = (
				17F1783C28DE5532001E010A /* Preview Assets.xcassets in Resources */,
				17F1783928DE5532001E010A /* Assets.xcassets in Resources */,
			);
			runOnlyForDeploymentPostprocessing = 0;
		};
		17F1784428DE5532001E010A /* Resources */ = {
			isa = PBXResourcesBuildPhase;
			buildActionMask = 2147483647;
			files = (
			);
			runOnlyForDeploymentPostprocessing = 0;
		};
		17F1784E28DE5533001E010A /* Resources */ = {
			isa = PBXResourcesBuildPhase;
			buildActionMask = 2147483647;
			files = (
			);
			runOnlyForDeploymentPostprocessing = 0;
		};
/* End PBXResourcesBuildPhase section */

/* Begin PBXSourcesBuildPhase section */
		17F1782D28DE552A001E010A /* Sources */ = {
			isa = PBXSourcesBuildPhase;
			buildActionMask = 2147483647;
			files = (
				17480A8D28DFC3B8000DF33F /* SmallCardView.swift in Sources */,
				173CBA9728E6623F00983E18 /* CustomNavBarPreferenceKey.swift in Sources */,
				174BF30E28E52EE900D6DDF2 /* Goldhen.swift in Sources */,
				17480A9228E0B6B9000DF33F /* Constants.swift in Sources */,
				17E25B4928E646DD00C9074A /* TabBarItemsPreferenceKey.swift in Sources */,
				17480A9B28E0D48D000DF33F /* ConsoleFeatureView.swift in Sources */,
				17F1788828DE8BC7001E010A /* Protocols.swift in Sources */,
				17F1788C28DEB087001E010A /* Webman.swift in Sources */,
				17F1789028DEB0DD001E010A /* SyncService.swift in Sources */,
				17480AA328E10C6F000DF33F /* WMControlView.swift in Sources */,
				17F1787728DE82B4001E010A /* FTPView.swift in Sources */,
				173CBA8D28E6579E00983E18 /* AppBarNavView.swift in Sources */,
				17480A9928E0BCBE000DF33F /* ConsoleSectionView.swift in Sources */,
				174BF31228E63BD900D6DDF2 /* AppTabBarView.swift in Sources */,
				17480A9628E0BC33000DF33F /* ConsoleListItem.swift in Sources */,
				171B23EB28ECC5930050DAB9 /* Article.swift in Sources */,
				17F1787D28DE8A8F001E010A /* Console.swift in Sources */,
				1755336B28F1FF5B00F7B503 /* InputDocument.swift in Sources */,
				174BF31428E63D2F00D6DDF2 /* CustomTabBarView.swift in Sources */,
				17480AA128E10AA1000DF33F /* WMGameView.swift in Sources */,
				1755336F28F2551E00F7B503 /* StringExtension.swift in Sources */,
				17480A9D28E0D5EA000DF33F /* FakeData.swift in Sources */,
				173CBAA028E79E6400983E18 /* PackageView.swift in Sources */,
				174DD77528E3F1CC007244B5 /* SimplePing.m in Sources */,
				17E25B4728E6417B00C9074A /* CustomTabBarContainerView.swift in Sources */,
				171B23ED28ECC6440050DAB9 /* IntroView.swift in Sources */,
				17F1788E28DEB0A8001E010A /* PSXService.swift in Sources */,
				174DD77B28E4BF1C007244B5 /* PS3MAPI+Enums.swift in Sources */,
				1755336D28F2098200F7B503 /* OutputDocument.swift in Sources */,
				174DD77D28E4C4C6007244B5 /* PS3MAPI+Structs.swift in Sources */,
				173CBA8F28E6593100983E18 /* CustomNavBarView.swift in Sources */,
				1755336528EFBB0400F7B503 /* FTP.swift in Sources */,
				17F1783E28DE5532001E010A /* Persistence.swift in Sources */,
				17F1787528DE7F55001E010A /* ConsoleView.swift in Sources */,
				17F1787928DE84C7001E010A /* ListItem.swift in Sources */,
				17F1784128DE5532001E010A /* Mi.xcdatamodeld in Sources */,
				17480A8F28E0B5CD000DF33F /* Changelog.swift in Sources */,
				1787A33F28F325B600997B9E /* FTPDelegate.swift in Sources */,
				171B23F128EE60DE0050DAB9 /* ViewExtensions.swift in Sources */,
				173CBA9B28E6972D00983E18 /* ChangelogSectionView.swift in Sources */,
				171B23E928ECC0980050DAB9 /* Webman+Structs.swift in Sources */,
				1787A33D28F3259200997B9E /* FTPFile.swift in Sources */,
				173CBA8A28E649F100983E18 /* TabBarItem.swift in Sources */,
				17F1789228DEB160001E010A /* SettingView.swift in Sources */,
				173CBA9328E65DC300983E18 /* CustomNavView.swift in Sources */,
				174BF30628E4F4EA00D6DDF2 /* PS3MControlView.swift in Sources */,
				17F1787028DE7A17001E010A /* ChangelogFeatureView.swift in Sources */,
				174DD77828E40421007244B5 /* PS3MAPI.swift in Sources */,
				171B23E328ECB9CC0050DAB9 /* PackageViewItem.swift in Sources */,
				173CBA9528E65F0F00983E18 /* CustomNavLink.swift in Sources */,
				17F1788228DE8B5A001E010A /* PlatformType.swift in Sources */,
				1755336828F09EBD00F7B503 /* ObservedObjectCollection.swift in Sources */,
				174BAE0D28EF2F060002E2E2 /* PackageListView.swift in Sources */,
				174BF30A28E5185E00D6DDF2 /* GoldhenBinView.swift in Sources */,
				17F1783728DE552B001E010A /* ContentView.swift in Sources */,
				173CBA9928E6840100983E18 /* Package.swift in Sources */,
				17F1787328DE7E26001E010A /* ChangelogCardView.swift in Sources */,
				17F1788428DE8B7F001E010A /* Feature.swift in Sources */,
				173CBA9128E65C4100983E18 /* CustomNavBarContainerView.swift in Sources */,
				17F1783528DE552B001E010A /* MiApp.swift in Sources */,
				171B23E528ECBA1A0050DAB9 /* RepoListItem.swift in Sources */,
				171B23E728ECBFBB0050DAB9 /* Webman+Enums.swift in Sources */,
				174BF30828E5134400D6DDF2 /* ConsoleHeaderView.swift in Sources */,
			);
			runOnlyForDeploymentPostprocessing = 0;
		};
		17F1784228DE5532001E010A /* Sources */ = {
			isa = PBXSourcesBuildPhase;
			buildActionMask = 2147483647;
			files = (
				17F1784B28DE5532001E010A /* MiTests.swift in Sources */,
			);
			runOnlyForDeploymentPostprocessing = 0;
		};
		17F1784C28DE5533001E010A /* Sources */ = {
			isa = PBXSourcesBuildPhase;
			buildActionMask = 2147483647;
			files = (
				17F1785728DE5533001E010A /* MiUITestsLaunchTests.swift in Sources */,
				17F1785528DE5533001E010A /* MiUITests.swift in Sources */,
			);
			runOnlyForDeploymentPostprocessing = 0;
		};
/* End PBXSourcesBuildPhase section */

/* Begin PBXTargetDependency section */
		17F1784828DE5532001E010A /* PBXTargetDependency */ = {
			isa = PBXTargetDependency;
			target = 17F1783028DE552A001E010A /* Mi */;
			targetProxy = 17F1784728DE5532001E010A /* PBXContainerItemProxy */;
		};
		17F1785228DE5533001E010A /* PBXTargetDependency */ = {
			isa = PBXTargetDependency;
			target = 17F1783028DE552A001E010A /* Mi */;
			targetProxy = 17F1785128DE5533001E010A /* PBXContainerItemProxy */;
		};
/* End PBXTargetDependency section */

/* Begin XCBuildConfiguration section */
		17F1785828DE5533001E010A /* Debug */ = {
			isa = XCBuildConfiguration;
			buildSettings = {
				ALWAYS_SEARCH_USER_PATHS = NO;
				CLANG_ANALYZER_NONNULL = YES;
				CLANG_ANALYZER_NUMBER_OBJECT_CONVERSION = YES_AGGRESSIVE;
				CLANG_CXX_LANGUAGE_STANDARD = "gnu++17";
				CLANG_CXX_LIBRARY = "libc++";
				CLANG_ENABLE_MODULES = YES;
				CLANG_ENABLE_OBJC_ARC = YES;
				CLANG_ENABLE_OBJC_WEAK = YES;
				CLANG_WARN_BLOCK_CAPTURE_AUTORELEASING = YES;
				CLANG_WARN_BOOL_CONVERSION = YES;
				CLANG_WARN_COMMA = YES;
				CLANG_WARN_CONSTANT_CONVERSION = YES;
				CLANG_WARN_DEPRECATED_OBJC_IMPLEMENTATIONS = YES;
				CLANG_WARN_DIRECT_OBJC_ISA_USAGE = YES_ERROR;
				CLANG_WARN_DOCUMENTATION_COMMENTS = YES;
				CLANG_WARN_EMPTY_BODY = YES;
				CLANG_WARN_ENUM_CONVERSION = YES;
				CLANG_WARN_INFINITE_RECURSION = YES;
				CLANG_WARN_INT_CONVERSION = YES;
				CLANG_WARN_NON_LITERAL_NULL_CONVERSION = YES;
				CLANG_WARN_OBJC_IMPLICIT_RETAIN_SELF = YES;
				CLANG_WARN_OBJC_LITERAL_CONVERSION = YES;
				CLANG_WARN_OBJC_ROOT_CLASS = YES_ERROR;
				CLANG_WARN_QUOTED_INCLUDE_IN_FRAMEWORK_HEADER = YES;
				CLANG_WARN_RANGE_LOOP_ANALYSIS = YES;
				CLANG_WARN_STRICT_PROTOTYPES = YES;
				CLANG_WARN_SUSPICIOUS_MOVE = YES;
				CLANG_WARN_UNGUARDED_AVAILABILITY = YES_AGGRESSIVE;
				CLANG_WARN_UNREACHABLE_CODE = YES;
				CLANG_WARN__DUPLICATE_METHOD_MATCH = YES;
				COPY_PHASE_STRIP = NO;
				DEBUG_INFORMATION_FORMAT = dwarf;
				ENABLE_STRICT_OBJC_MSGSEND = YES;
				ENABLE_TESTABILITY = YES;
				GCC_C_LANGUAGE_STANDARD = gnu11;
				GCC_DYNAMIC_NO_PIC = NO;
				GCC_NO_COMMON_BLOCKS = YES;
				GCC_OPTIMIZATION_LEVEL = 0;
				GCC_PREPROCESSOR_DEFINITIONS = (
					"DEBUG=1",
					"$(inherited)",
				);
				GCC_WARN_64_TO_32_BIT_CONVERSION = YES;
				GCC_WARN_ABOUT_RETURN_TYPE = YES_ERROR;
				GCC_WARN_UNDECLARED_SELECTOR = YES;
				GCC_WARN_UNINITIALIZED_AUTOS = YES_AGGRESSIVE;
				GCC_WARN_UNUSED_FUNCTION = YES;
				GCC_WARN_UNUSED_VARIABLE = YES;
				IPHONEOS_DEPLOYMENT_TARGET = 15.1;
				MTL_ENABLE_DEBUG_INFO = INCLUDE_SOURCE;
				MTL_FAST_MATH = YES;
				ONLY_ACTIVE_ARCH = YES;
				OTHER_LDFLAGS = "";
				SDKROOT = iphoneos;
				SWIFT_ACTIVE_COMPILATION_CONDITIONS = DEBUG;
				SWIFT_OPTIMIZATION_LEVEL = "-Onone";
			};
			name = Debug;
		};
		17F1785928DE5533001E010A /* Release */ = {
			isa = XCBuildConfiguration;
			buildSettings = {
				ALWAYS_SEARCH_USER_PATHS = NO;
				CLANG_ANALYZER_NONNULL = YES;
				CLANG_ANALYZER_NUMBER_OBJECT_CONVERSION = YES_AGGRESSIVE;
				CLANG_CXX_LANGUAGE_STANDARD = "gnu++17";
				CLANG_CXX_LIBRARY = "libc++";
				CLANG_ENABLE_MODULES = YES;
				CLANG_ENABLE_OBJC_ARC = YES;
				CLANG_ENABLE_OBJC_WEAK = YES;
				CLANG_WARN_BLOCK_CAPTURE_AUTORELEASING = YES;
				CLANG_WARN_BOOL_CONVERSION = YES;
				CLANG_WARN_COMMA = YES;
				CLANG_WARN_CONSTANT_CONVERSION = YES;
				CLANG_WARN_DEPRECATED_OBJC_IMPLEMENTATIONS = YES;
				CLANG_WARN_DIRECT_OBJC_ISA_USAGE = YES_ERROR;
				CLANG_WARN_DOCUMENTATION_COMMENTS = YES;
				CLANG_WARN_EMPTY_BODY = YES;
				CLANG_WARN_ENUM_CONVERSION = YES;
				CLANG_WARN_INFINITE_RECURSION = YES;
				CLANG_WARN_INT_CONVERSION = YES;
				CLANG_WARN_NON_LITERAL_NULL_CONVERSION = YES;
				CLANG_WARN_OBJC_IMPLICIT_RETAIN_SELF = YES;
				CLANG_WARN_OBJC_LITERAL_CONVERSION = YES;
				CLANG_WARN_OBJC_ROOT_CLASS = YES_ERROR;
				CLANG_WARN_QUOTED_INCLUDE_IN_FRAMEWORK_HEADER = YES;
				CLANG_WARN_RANGE_LOOP_ANALYSIS = YES;
				CLANG_WARN_STRICT_PROTOTYPES = YES;
				CLANG_WARN_SUSPICIOUS_MOVE = YES;
				CLANG_WARN_UNGUARDED_AVAILABILITY = YES_AGGRESSIVE;
				CLANG_WARN_UNREACHABLE_CODE = YES;
				CLANG_WARN__DUPLICATE_METHOD_MATCH = YES;
				COPY_PHASE_STRIP = NO;
				DEBUG_INFORMATION_FORMAT = "dwarf-with-dsym";
				ENABLE_NS_ASSERTIONS = NO;
				ENABLE_STRICT_OBJC_MSGSEND = YES;
				GCC_C_LANGUAGE_STANDARD = gnu11;
				GCC_NO_COMMON_BLOCKS = YES;
				GCC_WARN_64_TO_32_BIT_CONVERSION = YES;
				GCC_WARN_ABOUT_RETURN_TYPE = YES_ERROR;
				GCC_WARN_UNDECLARED_SELECTOR = YES;
				GCC_WARN_UNINITIALIZED_AUTOS = YES_AGGRESSIVE;
				GCC_WARN_UNUSED_FUNCTION = YES;
				GCC_WARN_UNUSED_VARIABLE = YES;
				IPHONEOS_DEPLOYMENT_TARGET = 15.1;
				MTL_ENABLE_DEBUG_INFO = NO;
				MTL_FAST_MATH = YES;
				OTHER_LDFLAGS = (
					"-Xlinker",
					"-interposable",
				);
				SDKROOT = iphoneos;
				SWIFT_COMPILATION_MODE = wholemodule;
				SWIFT_OPTIMIZATION_LEVEL = "-O";
				VALIDATE_PRODUCT = YES;
			};
			name = Release;
		};
		17F1785B28DE5533001E010A /* Debug */ = {
			isa = XCBuildConfiguration;
			buildSettings = {
				ASSETCATALOG_COMPILER_APPICON_NAME = AppIcon;
				ASSETCATALOG_COMPILER_GLOBAL_ACCENT_COLOR_NAME = AccentColor;
				CLANG_ENABLE_MODULES = YES;
				CODE_SIGN_STYLE = Automatic;
				CURRENT_PROJECT_VERSION = 1;
				DEVELOPMENT_ASSET_PATHS = "\"Mi/Preview Content\"";
				DEVELOPMENT_TEAM = Y8B82M3CHF;
				ENABLE_PREVIEWS = YES;
				GENERATE_INFOPLIST_FILE = YES;
				INFOPLIST_FILE = Mi/Info.plist;
				INFOPLIST_KEY_LSSupportsOpeningDocumentsInPlace = YES;
				INFOPLIST_KEY_UIApplicationSceneManifest_Generation = YES;
				INFOPLIST_KEY_UIApplicationSupportsIndirectInputEvents = YES;
				INFOPLIST_KEY_UILaunchScreen_Generation = YES;
				INFOPLIST_KEY_UISupportedInterfaceOrientations = UIInterfaceOrientationPortrait;
				INFOPLIST_KEY_UISupportedInterfaceOrientations_iPad = "UIInterfaceOrientationPortrait UIInterfaceOrientationPortraitUpsideDown UIInterfaceOrientationLandscapeLeft UIInterfaceOrientationLandscapeRight";
				INFOPLIST_KEY_UISupportedInterfaceOrientations_iPhone = "UIInterfaceOrientationPortrait UIInterfaceOrientationLandscapeLeft UIInterfaceOrientationLandscapeRight";
				LD_RUNPATH_SEARCH_PATHS = (
					"$(inherited)",
					"@executable_path/Frameworks",
				);
				MARKETING_VERSION = 1.0;
				PRODUCT_BUNDLE_IDENTIFIER = nyc.mrsmyx.Mi;
				PRODUCT_NAME = "$(TARGET_NAME)";
				SWIFT_EMIT_LOC_STRINGS = YES;
				SWIFT_OBJC_BRIDGING_HEADER = "Mi/SimplePing/Mi-Bridging-Header.h";
				SWIFT_OPTIMIZATION_LEVEL = "-Onone";
				SWIFT_VERSION = 5.0;
				TARGETED_DEVICE_FAMILY = 1;
			};
			name = Debug;
		};
		17F1785C28DE5533001E010A /* Release */ = {
			isa = XCBuildConfiguration;
			buildSettings = {
				ASSETCATALOG_COMPILER_APPICON_NAME = AppIcon;
				ASSETCATALOG_COMPILER_GLOBAL_ACCENT_COLOR_NAME = AccentColor;
				CLANG_ENABLE_MODULES = YES;
				CODE_SIGN_STYLE = Automatic;
				CURRENT_PROJECT_VERSION = 1;
				DEVELOPMENT_ASSET_PATHS = "\"Mi/Preview Content\"";
				DEVELOPMENT_TEAM = Y8B82M3CHF;
				ENABLE_PREVIEWS = YES;
				GENERATE_INFOPLIST_FILE = YES;
				INFOPLIST_FILE = Mi/Info.plist;
				INFOPLIST_KEY_LSSupportsOpeningDocumentsInPlace = YES;
				INFOPLIST_KEY_UIApplicationSceneManifest_Generation = YES;
				INFOPLIST_KEY_UIApplicationSupportsIndirectInputEvents = YES;
				INFOPLIST_KEY_UILaunchScreen_Generation = YES;
				INFOPLIST_KEY_UISupportedInterfaceOrientations = UIInterfaceOrientationPortrait;
				INFOPLIST_KEY_UISupportedInterfaceOrientations_iPad = "UIInterfaceOrientationPortrait UIInterfaceOrientationPortraitUpsideDown UIInterfaceOrientationLandscapeLeft UIInterfaceOrientationLandscapeRight";
				INFOPLIST_KEY_UISupportedInterfaceOrientations_iPhone = "UIInterfaceOrientationPortrait UIInterfaceOrientationLandscapeLeft UIInterfaceOrientationLandscapeRight";
				LD_RUNPATH_SEARCH_PATHS = (
					"$(inherited)",
					"@executable_path/Frameworks",
				);
				MARKETING_VERSION = 1.0;
				PRODUCT_BUNDLE_IDENTIFIER = nyc.mrsmyx.Mi;
				PRODUCT_NAME = "$(TARGET_NAME)";
				SWIFT_EMIT_LOC_STRINGS = YES;
				SWIFT_OBJC_BRIDGING_HEADER = "Mi/SimplePing/Mi-Bridging-Header.h";
				SWIFT_VERSION = 5.0;
				TARGETED_DEVICE_FAMILY = 1;
			};
			name = Release;
		};
		17F1785E28DE5533001E010A /* Debug */ = {
			isa = XCBuildConfiguration;
			buildSettings = {
				ALWAYS_EMBED_SWIFT_STANDARD_LIBRARIES = YES;
				BUNDLE_LOADER = "$(TEST_HOST)";
				CODE_SIGN_STYLE = Automatic;
				CURRENT_PROJECT_VERSION = 1;
				DEVELOPMENT_TEAM = Y8B82M3CHF;
				GENERATE_INFOPLIST_FILE = YES;
				IPHONEOS_DEPLOYMENT_TARGET = 15.2;
				MARKETING_VERSION = 1.0;
				PRODUCT_BUNDLE_IDENTIFIER = nyc.mrsmyx.MiTests;
				PRODUCT_NAME = "$(TARGET_NAME)";
				SWIFT_EMIT_LOC_STRINGS = NO;
				SWIFT_VERSION = 5.0;
				TARGETED_DEVICE_FAMILY = "1,2";
				TEST_HOST = "$(BUILT_PRODUCTS_DIR)/Mi.app/Mi";
			};
			name = Debug;
		};
		17F1785F28DE5533001E010A /* Release */ = {
			isa = XCBuildConfiguration;
			buildSettings = {
				ALWAYS_EMBED_SWIFT_STANDARD_LIBRARIES = YES;
				BUNDLE_LOADER = "$(TEST_HOST)";
				CODE_SIGN_STYLE = Automatic;
				CURRENT_PROJECT_VERSION = 1;
				DEVELOPMENT_TEAM = Y8B82M3CHF;
				GENERATE_INFOPLIST_FILE = YES;
				IPHONEOS_DEPLOYMENT_TARGET = 15.2;
				MARKETING_VERSION = 1.0;
				PRODUCT_BUNDLE_IDENTIFIER = nyc.mrsmyx.MiTests;
				PRODUCT_NAME = "$(TARGET_NAME)";
				SWIFT_EMIT_LOC_STRINGS = NO;
				SWIFT_VERSION = 5.0;
				TARGETED_DEVICE_FAMILY = "1,2";
				TEST_HOST = "$(BUILT_PRODUCTS_DIR)/Mi.app/Mi";
			};
			name = Release;
		};
		17F1786128DE5533001E010A /* Debug */ = {
			isa = XCBuildConfiguration;
			buildSettings = {
				ALWAYS_EMBED_SWIFT_STANDARD_LIBRARIES = YES;
				CODE_SIGN_STYLE = Automatic;
				CURRENT_PROJECT_VERSION = 1;
				DEVELOPMENT_TEAM = Y8B82M3CHF;
				GENERATE_INFOPLIST_FILE = YES;
				MARKETING_VERSION = 1.0;
				PRODUCT_BUNDLE_IDENTIFIER = nyc.mrsmyx.MiUITests;
				PRODUCT_NAME = "$(TARGET_NAME)";
				SWIFT_EMIT_LOC_STRINGS = NO;
				SWIFT_VERSION = 5.0;
				TARGETED_DEVICE_FAMILY = "1,2";
				TEST_TARGET_NAME = Mi;
			};
			name = Debug;
		};
		17F1786228DE5533001E010A /* Release */ = {
			isa = XCBuildConfiguration;
			buildSettings = {
				ALWAYS_EMBED_SWIFT_STANDARD_LIBRARIES = YES;
				CODE_SIGN_STYLE = Automatic;
				CURRENT_PROJECT_VERSION = 1;
				DEVELOPMENT_TEAM = Y8B82M3CHF;
				GENERATE_INFOPLIST_FILE = YES;
				MARKETING_VERSION = 1.0;
				PRODUCT_BUNDLE_IDENTIFIER = nyc.mrsmyx.MiUITests;
				PRODUCT_NAME = "$(TARGET_NAME)";
				SWIFT_EMIT_LOC_STRINGS = NO;
				SWIFT_VERSION = 5.0;
				TARGETED_DEVICE_FAMILY = "1,2";
				TEST_TARGET_NAME = Mi;
			};
			name = Release;
		};
/* End XCBuildConfiguration section */

/* Begin XCConfigurationList section */
		17F1782C28DE552A001E010A /* Build configuration list for PBXProject "Mi" */ = {
			isa = XCConfigurationList;
			buildConfigurations = (
				17F1785828DE5533001E010A /* Debug */,
				17F1785928DE5533001E010A /* Release */,
			);
			defaultConfigurationIsVisible = 0;
			defaultConfigurationName = Release;
		};
		17F1785A28DE5533001E010A /* Build configuration list for PBXNativeTarget "Mi" */ = {
			isa = XCConfigurationList;
			buildConfigurations = (
				17F1785B28DE5533001E010A /* Debug */,
				17F1785C28DE5533001E010A /* Release */,
			);
			defaultConfigurationIsVisible = 0;
			defaultConfigurationName = Release;
		};
		17F1785D28DE5533001E010A /* Build configuration list for PBXNativeTarget "MiTests" */ = {
			isa = XCConfigurationList;
			buildConfigurations = (
				17F1785E28DE5533001E010A /* Debug */,
				17F1785F28DE5533001E010A /* Release */,
			);
			defaultConfigurationIsVisible = 0;
			defaultConfigurationName = Release;
		};
		17F1786028DE5533001E010A /* Build configuration list for PBXNativeTarget "MiUITests" */ = {
			isa = XCConfigurationList;
			buildConfigurations = (
				17F1786128DE5533001E010A /* Debug */,
				17F1786228DE5533001E010A /* Release */,
			);
			defaultConfigurationIsVisible = 0;
			defaultConfigurationName = Release;
		};
/* End XCConfigurationList section */

/* Begin XCRemoteSwiftPackageReference section */
		173CBA9C28E74DF900983E18 /* XCRemoteSwiftPackageReference "FileProvider" */ = {
			isa = XCRemoteSwiftPackageReference;
			repositoryURL = "https://github.com/amosavian/FileProvider.git";
			requirement = {
				kind = upToNextMajorVersion;
				minimumVersion = 0.9.0;
			};
		};
		174DD76928E3E66D007244B5 /* XCRemoteSwiftPackageReference "SwiftEntryKit" */ = {
			isa = XCRemoteSwiftPackageReference;
			repositoryURL = "https://github.com/huri000/SwiftEntryKit.git";
			requirement = {
				kind = upToNextMajorVersion;
				minimumVersion = 2.0.0;
			};
		};
		174DD76C28E3E68F007244B5 /* XCRemoteSwiftPackageReference "BlueSocket" */ = {
			isa = XCRemoteSwiftPackageReference;
			repositoryURL = "https://github.com/Kitura/BlueSocket.git";
			requirement = {
				kind = upToNextMajorVersion;
				minimumVersion = 2.0.0;
			};
		};
		17F1786628DE6EFD001E010A /* XCRemoteSwiftPackageReference "Alamofire" */ = {
			isa = XCRemoteSwiftPackageReference;
			repositoryURL = "https://github.com/Alamofire/Alamofire.git";
			requirement = {
				kind = upToNextMajorVersion;
				minimumVersion = 5.0.0;
			};
		};
		17F1786928DE6F12001E010A /* XCRemoteSwiftPackageReference "SWXMLHash" */ = {
			isa = XCRemoteSwiftPackageReference;
			repositoryURL = "https://github.com/drmohundro/SWXMLHash.git";
			requirement = {
				branch = main;
				kind = branch;
			};
		};
		17F1786C28DE6F24001E010A /* XCRemoteSwiftPackageReference "Kingfisher" */ = {
			isa = XCRemoteSwiftPackageReference;
			repositoryURL = "https://github.com/onevcat/Kingfisher";
			requirement = {
				branch = master;
				kind = branch;
			};
		};
/* End XCRemoteSwiftPackageReference section */

/* Begin XCSwiftPackageProductDependency section */
		173CBA9D28E74DFB00983E18 /* FilesProvider */ = {
			isa = XCSwiftPackageProductDependency;
			package = 173CBA9C28E74DF900983E18 /* XCRemoteSwiftPackageReference "FileProvider" */;
			productName = FilesProvider;
		};
		174DD76A28E3E66D007244B5 /* SwiftEntryKit */ = {
			isa = XCSwiftPackageProductDependency;
			package = 174DD76928E3E66D007244B5 /* XCRemoteSwiftPackageReference "SwiftEntryKit" */;
			productName = SwiftEntryKit;
		};
		174DD76D28E3E68F007244B5 /* BlueSocketTestCommonLibrary */ = {
			isa = XCSwiftPackageProductDependency;
			package = 174DD76C28E3E68F007244B5 /* XCRemoteSwiftPackageReference "BlueSocket" */;
			productName = BlueSocketTestCommonLibrary;
		};
		174DD76F28E3E68F007244B5 /* Socket */ = {
			isa = XCSwiftPackageProductDependency;
			package = 174DD76C28E3E68F007244B5 /* XCRemoteSwiftPackageReference "BlueSocket" */;
			productName = Socket;
		};
		17F1786728DE6EFD001E010A /* Alamofire */ = {
			isa = XCSwiftPackageProductDependency;
			package = 17F1786628DE6EFD001E010A /* XCRemoteSwiftPackageReference "Alamofire" */;
			productName = Alamofire;
		};
		17F1786A28DE6F12001E010A /* SWXMLHash */ = {
			isa = XCSwiftPackageProductDependency;
			package = 17F1786928DE6F12001E010A /* XCRemoteSwiftPackageReference "SWXMLHash" */;
			productName = SWXMLHash;
		};
		17F1786D28DE6F24001E010A /* Kingfisher */ = {
			isa = XCSwiftPackageProductDependency;
			package = 17F1786C28DE6F24001E010A /* XCRemoteSwiftPackageReference "Kingfisher" */;
			productName = Kingfisher;
		};
/* End XCSwiftPackageProductDependency section */

/* Begin XCVersionGroup section */
		17F1783F28DE5532001E010A /* Mi.xcdatamodeld */ = {
			isa = XCVersionGroup;
			children = (
				17F1784028DE5532001E010A /* Mi.xcdatamodel */,
			);
			currentVersion = 17F1784028DE5532001E010A /* Mi.xcdatamodel */;
			path = Mi.xcdatamodeld;
			sourceTree = "<group>";
			versionGroupType = wrapper.xcdatamodel;
		};
/* End XCVersionGroup section */
	};
	rootObject = 17F1782928DE552A001E010A /* Project object */;
}
